
Microsoft Visual Studio Solution File, Format Version 12.00
# Visual Studio 15
VisualStudioVersion = 15.0.33026.149
MinimumVisualStudioVersion = 10.0.40219.1
Project("{FAE04EC0-301F-11D3-BF4B-00C04F79EFBC}") = "project_11", "project_11\project_11.csproj", "{D10DF393-1387-435A-8781-7AB8515E29AA}"
EndProject
Global
	GlobalSection(SolutionConfigurationPlatforms) = preSolution
		Debug|Any CPU = Debug|Any CPU
		Release|Any CPU = Release|Any CPU
	EndGlobalSection
	GlobalSection(ProjectConfigurationPlatforms) = postSolution
		{D10DF393-1387-435A-8781-7AB8515E29AA}.Debug|Any CPU.ActiveCfg = Debug|Any CPU
		{D10DF393-1387-435A-8781-7AB8515E29AA}.Debug|Any CPU.Build.0 = Debug|Any CPU
		{D10DF393-1387-435A-8781-7AB8515E29AA}.Release|Any CPU.ActiveCfg = Release|Any CPU
		{D10DF393-1387-435A-8781-7AB8515E29AA}.Release|Any CPU.Build.0 = Release|Any CPU
	EndGlobalSection
	GlobalSection(SolutionProperties) = preSolution
		HideSolutionNode = FALSE
	EndGlobalSection
	GlobalSection(ExtensibilityGlobals) = postSolution
		SolutionGuid = {6E393DE7-A32B-43C6-8FD3-DE616BE98E8A}
	EndGlobalSection
EndGlobal
